[root]
name = "rustspec"
version = "0.1.0"
dependencies = [
 "rustspec_assertions 0.1.0 (git+https://github.com/uorbe001/rustspec-assertions.git#89742c26797ea4ea144a3426cb70abcdd98d313d)",
]

[[package]]
name = "rustspec_assertions"
version = "0.1.0"
source = "git+https://github.com/uorbe001/rustspec-assertions.git#89742c26797ea4ea144a3426cb70abcdd98d313d"

