[root]
name = "rustspec"
version = "0.1.1"
dependencies = [
 "rustspec_assertions 0.1.0 (git+https://github.com/uorbe001/rustspec-assertions.git#be18ed3ba6cafc284c40e81c0c77171d38b93361)",
]

[[package]]
name = "rustspec_assertions"
version = "0.1.0"
source = "git+https://github.com/uorbe001/rustspec-assertions.git#be18ed3ba6cafc284c40e81c0c77171d38b93361"

